
Microsoft Visual Studio Solution File, Format Version 12.00
# Visual Studio Version 16
VisualStudioVersion = 16.0.31515.178
MinimumVisualStudioVersion = 10.0.40219.1
Project("{FAE04EC0-301F-11D3-BF4B-00C04F79EFBC}") = "EmployeesAtSameTime", "EmployeesAtSameTime\EmployeesAtSameTime.csproj", "{DA540F69-DB6D-43B2-B3C1-49DCE58C3BE2}"
EndProject
Global
	GlobalSection(SolutionConfigurationPlatforms) = preSolution
		Debug|Any CPU = Debug|Any CPU
		Release|Any CPU = Release|Any CPU
	EndGlobalSection
	GlobalSection(ProjectConfigurationPlatforms) = postSolution
		{DA540F69-DB6D-43B2-B3C1-49DCE58C3BE2}.Debug|Any CPU.ActiveCfg = Debug|Any CPU
		{DA540F69-DB6D-43B2-B3C1-49DCE58C3BE2}.Debug|Any CPU.Build.0 = Debug|Any CPU
		{DA540F69-DB6D-43B2-B3C1-49DCE58C3BE2}.Release|Any CPU.ActiveCfg = Release|Any CPU
		{DA540F69-DB6D-43B2-B3C1-49DCE58C3BE2}.Release|Any CPU.Build.0 = Release|Any CPU
	EndGlobalSection
	GlobalSection(SolutionProperties) = preSolution
		HideSolutionNode = FALSE
	EndGlobalSection
	GlobalSection(ExtensibilityGlobals) = postSolution
		SolutionGuid = {BE6F6C85-501C-4F88-BABE-260639A30668}
	EndGlobalSection
EndGlobal
